# This file is automatically @generated by Poetry 1.8.3 and should not be changed by hand.

[[package]]
name = "blinders-dictionary-core"
version = "0.1.0"
description = ""
optional = false
python-versions = "^3.10"
files = []
develop = true

[package.source]
type = "directory"
url = "../../pypackages/dictionary"

[metadata]
lock-version = "2.0"
python-versions = "^3.10"
content-hash = "6f1ce87973604ec31b852d1d77f3de742e572f4b5f7713ee1c33c881292ea8d0"
